
Microsoft Visual Studio Solution File, Format Version 12.00
# Visual Studio 15
VisualStudioVersion = 15.0.28307.705
MinimumVisualStudioVersion = 10.0.40219.1
Project("{FAE04EC0-301F-11D3-BF4B-00C04F79EFBC}") = "MTDecoupling", "MTDecoupling\MTDecoupling.csproj", "{C0FEA56C-5CCB-4ED5-98C1-A001C79F4406}"
EndProject
Project("{FAE04EC0-301F-11D3-BF4B-00C04F79EFBC}") = "MTProducer", "MTProducer\MTProducer.csproj", "{310A16C2-ABF5-42C3-91E9-3F66A145E43A}"
EndProject
Global
	GlobalSection(SolutionConfigurationPlatforms) = preSolution
		Debug|Any CPU = Debug|Any CPU
		Release|Any CPU = Release|Any CPU
	EndGlobalSection
	GlobalSection(ProjectConfigurationPlatforms) = postSolution
		{C0FEA56C-5CCB-4ED5-98C1-A001C79F4406}.Debug|Any CPU.ActiveCfg = Debug|Any CPU
		{C0FEA56C-5CCB-4ED5-98C1-A001C79F4406}.Debug|Any CPU.Build.0 = Debug|Any CPU
		{C0FEA56C-5CCB-4ED5-98C1-A001C79F4406}.Release|Any CPU.ActiveCfg = Release|Any CPU
		{C0FEA56C-5CCB-4ED5-98C1-A001C79F4406}.Release|Any CPU.Build.0 = Release|Any CPU
		{310A16C2-ABF5-42C3-91E9-3F66A145E43A}.Debug|Any CPU.ActiveCfg = Debug|Any CPU
		{310A16C2-ABF5-42C3-91E9-3F66A145E43A}.Debug|Any CPU.Build.0 = Debug|Any CPU
		{310A16C2-ABF5-42C3-91E9-3F66A145E43A}.Release|Any CPU.ActiveCfg = Release|Any CPU
		{310A16C2-ABF5-42C3-91E9-3F66A145E43A}.Release|Any CPU.Build.0 = Release|Any CPU
	EndGlobalSection
	GlobalSection(SolutionProperties) = preSolution
		HideSolutionNode = FALSE
	EndGlobalSection
	GlobalSection(ExtensibilityGlobals) = postSolution
		SolutionGuid = {E5F71EA1-2C74-4952-8194-CB74C21A7803}
	EndGlobalSection
EndGlobal
